# THIS IS AN AUTOGENERATED FILE. DO NOT EDIT THIS FILE DIRECTLY.
# yarn lockfile v1


"@figma/plugin-typings@*":
  version "1.49.0"
  resolved "https://registry.yarnpkg.com/@figma/plugin-typings/-/plugin-typings-1.49.0.tgz#5bd88d1c2f38a69854330ad7b6d6e9ac6f8816c7"
  integrity sha512-72tKC61RPkrBZ+uzj+TtL3bVAmxahZKv/TfElbrY9sBoZvr4/+4gw7hnJYiln5xBJHiJ4KTcjUy+6D1qUuWlTA==

"@figma/widget-typings@*":
  version "1.4.0"
  resolved "https://registry.yarnpkg.com/@figma/widget-typings/-/widget-typings-1.4.0.tgz#161d60f7214f5076477a9755ab86672556ff3a7e"
  integrity sha512-1wvCA0mFTzvsNUkdVhV6kT2sp3B9r0ex2vSEq59jysVZrWJxjljc9uvGM4C+va11ktcOVqgjzuCHNhWDtvugXQ==

typescript@*:
  version "4.7.4"
  resolved "https://registry.yarnpkg.com/typescript/-/typescript-4.7.4.tgz#1a88596d1cf47d59507a1bcdfb5b9dfe4d488235"
  integrity sha512-C0WQT0gezHuw6AdY1M2jxUO83Rjf0HP7Sk1DtXj6j1EwkQNZrHAg2XPWlq62oqEhYvONq5pkC2Y9oPljWToLmQ==
